
Microsoft Visual Studio Solution File, Format Version 12.00
# Visual Studio Express 2013 for Windows Desktop
VisualStudioVersion = 12.0.31101.0
MinimumVisualStudioVersion = 10.0.40219.1
Project("{FAE04EC0-301F-11D3-BF4B-00C04F79EFBC}") = "Common", "Common\Common.csproj", "{B0D3179A-DD43-4631-A968-4A71E3146427}"
EndProject
Project("{FAE04EC0-301F-11D3-BF4B-00C04F79EFBC}") = "Client", "Проездные\Client.csproj", "{50825C65-614E-4DBB-9EA7-1D8CB6EEA27E}"
EndProject
Project("{FAE04EC0-301F-11D3-BF4B-00C04F79EFBC}") = "Provider", "Provider\Provider.csproj", "{DD65DCBC-94B7-41A1-A478-4C06F3F23C69}"
EndProject
Project("{FAE04EC0-301F-11D3-BF4B-00C04F79EFBC}") = "AccessToTicketsDB", "AccesToTicketsDB\AccessToTicketsDB.csproj", "{FF6BF323-2D7A-4DEF-8231-7286014F0216}"
EndProject
Global
	GlobalSection(SolutionConfigurationPlatforms) = preSolution
		Debug|Any CPU = Debug|Any CPU
		Release|Any CPU = Release|Any CPU
	EndGlobalSection
	GlobalSection(ProjectConfigurationPlatforms) = postSolution
		{B0D3179A-DD43-4631-A968-4A71E3146427}.Debug|Any CPU.ActiveCfg = Debug|Any CPU
		{B0D3179A-DD43-4631-A968-4A71E3146427}.Debug|Any CPU.Build.0 = Debug|Any CPU
		{B0D3179A-DD43-4631-A968-4A71E3146427}.Release|Any CPU.ActiveCfg = Release|Any CPU
		{B0D3179A-DD43-4631-A968-4A71E3146427}.Release|Any CPU.Build.0 = Release|Any CPU
		{50825C65-614E-4DBB-9EA7-1D8CB6EEA27E}.Debug|Any CPU.ActiveCfg = Debug|Any CPU
		{50825C65-614E-4DBB-9EA7-1D8CB6EEA27E}.Debug|Any CPU.Build.0 = Debug|Any CPU
		{50825C65-614E-4DBB-9EA7-1D8CB6EEA27E}.Release|Any CPU.ActiveCfg = Release|Any CPU
		{50825C65-614E-4DBB-9EA7-1D8CB6EEA27E}.Release|Any CPU.Build.0 = Release|Any CPU
		{DD65DCBC-94B7-41A1-A478-4C06F3F23C69}.Debug|Any CPU.ActiveCfg = Debug|Any CPU
		{DD65DCBC-94B7-41A1-A478-4C06F3F23C69}.Debug|Any CPU.Build.0 = Debug|Any CPU
		{DD65DCBC-94B7-41A1-A478-4C06F3F23C69}.Release|Any CPU.ActiveCfg = Release|Any CPU
		{DD65DCBC-94B7-41A1-A478-4C06F3F23C69}.Release|Any CPU.Build.0 = Release|Any CPU
		{FF6BF323-2D7A-4DEF-8231-7286014F0216}.Debug|Any CPU.ActiveCfg = Debug|Any CPU
		{FF6BF323-2D7A-4DEF-8231-7286014F0216}.Debug|Any CPU.Build.0 = Debug|Any CPU
		{FF6BF323-2D7A-4DEF-8231-7286014F0216}.Release|Any CPU.ActiveCfg = Release|Any CPU
		{FF6BF323-2D7A-4DEF-8231-7286014F0216}.Release|Any CPU.Build.0 = Release|Any CPU
	EndGlobalSection
	GlobalSection(SolutionProperties) = preSolution
		HideSolutionNode = FALSE
	EndGlobalSection
EndGlobal
